// !$*UTF8*$!
{
	archiveVersion = 1;
	classes = {
	};
	objectVersion = 46;
	objects = {

/* Begin PBXBuildFile section */
		D3CDE6A21A6CEB46ADE441D4 /* Pods_nickstagram.framework in Frameworks */ = {isa = PBXBuildFile; fileRef = 352F5ED240FB1FFF41DB9D96 /* Pods_nickstagram.framework */; };
		D532CA6D1E5D234E008B4176 /* ngmAppDelegate.swift in Sources */ = {isa = PBXBuildFile; fileRef = D532CA6C1E5D234E008B4176 /* ngmAppDelegate.swift */; };
		D532CA6F1E5D234E008B4176 /* ngmLoginViewController.swift in Sources */ = {isa = PBXBuildFile; fileRef = D532CA6E1E5D234E008B4176 /* ngmLoginViewController.swift */; };
		D532CA721E5D234E008B4176 /* Main.storyboard in Resources */ = {isa = PBXBuildFile; fileRef = D532CA701E5D234E008B4176 /* Main.storyboard */; };
		D532CA741E5D234E008B4176 /* Assets.xcassets in Resources */ = {isa = PBXBuildFile; fileRef = D532CA731E5D234E008B4176 /* Assets.xcassets */; };
		D532CA771E5D234E008B4176 /* LaunchScreen.storyboard in Resources */ = {isa = PBXBuildFile; fileRef = D532CA751E5D234E008B4176 /* LaunchScreen.storyboard */; };
		D55D00C91E60E04800920741 /* ngmLoginButton.swift in Sources */ = {isa = PBXBuildFile; fileRef = D55D00C81E60E04800920741 /* ngmLoginButton.swift */; };
		D55D00CD1E61013600920741 /* ngmUser.swift in Sources */ = {isa = PBXBuildFile; fileRef = D55D00CC1E61013600920741 /* ngmUser.swift */; };
		D55D00CF1E6106D700920741 /* ngmLoginTextField.swift in Sources */ = {isa = PBXBuildFile; fileRef = D55D00CE1E6106D700920741 /* ngmLoginTextField.swift */; };
		D55D00D11E6107F000920741 /* ngmParseClient.swift in Sources */ = {isa = PBXBuildFile; fileRef = D55D00D01E6107F000920741 /* ngmParseClient.swift */; };
/* End PBXBuildFile section */

/* Begin PBXFileReference section */
		352F5ED240FB1FFF41DB9D96 /* Pods_nickstagram.framework */ = {isa = PBXFileReference; explicitFileType = wrapper.framework; includeInIndex = 0; path = Pods_nickstagram.framework; sourceTree = BUILT_PRODUCTS_DIR; };
		7AA082CBFB9158AD54A23C0C /* Pods-nickstagram.release.xcconfig */ = {isa = PBXFileReference; includeInIndex = 1; lastKnownFileType = text.xcconfig; name = "Pods-nickstagram.release.xcconfig"; path = "Pods/Target Support Files/Pods-nickstagram/Pods-nickstagram.release.xcconfig"; sourceTree = "<group>"; };
		925826B45CFE9F922583250C /* Pods-nickstagram.debug.xcconfig */ = {isa = PBXFileReference; includeInIndex = 1; lastKnownFileType = text.xcconfig; name = "Pods-nickstagram.debug.xcconfig"; path = "Pods/Target Support Files/Pods-nickstagram/Pods-nickstagram.debug.xcconfig"; sourceTree = "<group>"; };
		D532CA691E5D234D008B4176 /* nickstagram.app */ = {isa = PBXFileReference; explicitFileType = wrapper.application; includeInIndex = 0; path = nickstagram.app; sourceTree = BUILT_PRODUCTS_DIR; };
		D532CA6C1E5D234E008B4176 /* ngmAppDelegate.swift */ = {isa = PBXFileReference; lastKnownFileType = sourcecode.swift; path = ngmAppDelegate.swift; sourceTree = "<group>"; };
		D532CA6E1E5D234E008B4176 /* ngmLoginViewController.swift */ = {isa = PBXFileReference; lastKnownFileType = sourcecode.swift; path = ngmLoginViewController.swift; sourceTree = "<group>"; };
		D532CA711E5D234E008B4176 /* Base */ = {isa = PBXFileReference; lastKnownFileType = file.storyboard; name = Base; path = Base.lproj/Main.storyboard; sourceTree = "<group>"; };
		D532CA731E5D234E008B4176 /* Assets.xcassets */ = {isa = PBXFileReference; lastKnownFileType = folder.assetcatalog; path = Assets.xcassets; sourceTree = "<group>"; };
		D532CA761E5D234E008B4176 /* Base */ = {isa = PBXFileReference; lastKnownFileType = file.storyboard; name = Base; path = Base.lproj/LaunchScreen.storyboard; sourceTree = "<group>"; };
		D532CA781E5D234E008B4176 /* Info.plist */ = {isa = PBXFileReference; lastKnownFileType = text.plist.xml; path = Info.plist; sourceTree = "<group>"; };
		D55D00C81E60E04800920741 /* ngmLoginButton.swift */ = {isa = PBXFileReference; fileEncoding = 4; lastKnownFileType = sourcecode.swift; path = ngmLoginButton.swift; sourceTree = "<group>"; };
		D55D00CC1E61013600920741 /* ngmUser.swift */ = {isa = PBXFileReference; fileEncoding = 4; lastKnownFileType = sourcecode.swift; path = ngmUser.swift; sourceTree = "<group>"; };
		D55D00CE1E6106D700920741 /* ngmLoginTextField.swift */ = {isa = PBXFileReference; fileEncoding = 4; lastKnownFileType = sourcecode.swift; path = ngmLoginTextField.swift; sourceTree = "<group>"; };
		D55D00D01E6107F000920741 /* ngmParseClient.swift */ = {isa = PBXFileReference; fileEncoding = 4; lastKnownFileType = sourcecode.swift; path = ngmParseClient.swift; sourceTree = "<group>"; };
/* End PBXFileReference section */

/* Begin PBXFrameworksBuildPhase section */
		D532CA661E5D234D008B4176 /* Frameworks */ = {
			isa = PBXFrameworksBuildPhase;
			buildActionMask = 2147483647;
			files = (
				D3CDE6A21A6CEB46ADE441D4 /* Pods_nickstagram.framework in Frameworks */,
			);
			runOnlyForDeploymentPostprocessing = 0;
		};
/* End PBXFrameworksBuildPhase section */

/* Begin PBXGroup section */
		1EC0BB6F421CE21E6FC36CC2 /* Frameworks */ = {
			isa = PBXGroup;
			children = (
				352F5ED240FB1FFF41DB9D96 /* Pods_nickstagram.framework */,
			);
			name = Frameworks;
			sourceTree = "<group>";
		};
		564972F4F8FD82C10730E1ED /* Pods */ = {
			isa = PBXGroup;
			children = (
				925826B45CFE9F922583250C /* Pods-nickstagram.debug.xcconfig */,
				7AA082CBFB9158AD54A23C0C /* Pods-nickstagram.release.xcconfig */,
			);
			name = Pods;
			sourceTree = "<group>";
		};
		D532CA601E5D234D008B4176 = {
			isa = PBXGroup;
			children = (
				D532CA6B1E5D234D008B4176 /* nickstagram */,
				D532CA6A1E5D234D008B4176 /* Products */,
				564972F4F8FD82C10730E1ED /* Pods */,
				1EC0BB6F421CE21E6FC36CC2 /* Frameworks */,
			);
			sourceTree = "<group>";
		};
		D532CA6A1E5D234D008B4176 /* Products */ = {
			isa = PBXGroup;
			children = (
				D532CA691E5D234D008B4176 /* nickstagram.app */,
			);
			name = Products;
			sourceTree = "<group>";
		};
		D532CA6B1E5D234D008B4176 /* nickstagram */ = {
			isa = PBXGroup;
			children = (
				D532CA6C1E5D234E008B4176 /* ngmAppDelegate.swift */,
				D5612BB21E5D2574006720C0 /* UI */,
				D532CA811E5D23BC008B4176 /* API */,
				D532CA801E5D23B5008B4176 /* Models */,
				D532CA731E5D234E008B4176 /* Assets.xcassets */,
				D532CA781E5D234E008B4176 /* Info.plist */,
			);
			path = nickstagram;
			sourceTree = "<group>";
		};
		D532CA7E1E5D23AB008B4176 /* View Controllers */ = {
			isa = PBXGroup;
			children = (
				D532CA6E1E5D234E008B4176 /* ngmLoginViewController.swift */,
			);
			name = "View Controllers";
			sourceTree = "<group>";
		};
		D532CA7F1E5D23B1008B4176 /* Views */ = {
			isa = PBXGroup;
			children = (
				D55D00C81E60E04800920741 /* ngmLoginButton.swift */,
				D55D00CE1E6106D700920741 /* ngmLoginTextField.swift */,
			);
			name = Views;
			sourceTree = "<group>";
		};
		D532CA801E5D23B5008B4176 /* Models */ = {
			isa = PBXGroup;
			children = (
				D55D00CC1E61013600920741 /* ngmUser.swift */,
			);
			name = Models;
			sourceTree = "<group>";
		};
		D532CA811E5D23BC008B4176 /* API */ = {
			isa = PBXGroup;
			children = (
				D55D00D01E6107F000920741 /* ngmParseClient.swift */,
			);
			name = API;
			sourceTree = "<group>";
		};
		D5612BB21E5D2574006720C0 /* UI */ = {
			isa = PBXGroup;
			children = (
				D5612BB31E5D258B006720C0 /* Storyboards */,
				D532CA7F1E5D23B1008B4176 /* Views */,
				D532CA7E1E5D23AB008B4176 /* View Controllers */,
			);
			name = UI;
			sourceTree = "<group>";
		};
		D5612BB31E5D258B006720C0 /* Storyboards */ = {
			isa = PBXGroup;
			children = (
				D532CA701E5D234E008B4176 /* Main.storyboard */,
				D532CA751E5D234E008B4176 /* LaunchScreen.storyboard */,
			);
			name = Storyboards;
			sourceTree = "<group>";
		};
/* End PBXGroup section */

/* Begin PBXNativeTarget section */
		D532CA681E5D234D008B4176 /* nickstagram */ = {
			isa = PBXNativeTarget;
			buildConfigurationList = D532CA7B1E5D234E008B4176 /* Build configuration list for PBXNativeTarget "nickstagram" */;
			buildPhases = (
				BC58B69F3A9169BE3F7F7FA3 /* [CP] Check Pods Manifest.lock */,
				D532CA651E5D234D008B4176 /* Sources */,
				D532CA661E5D234D008B4176 /* Frameworks */,
				D532CA671E5D234D008B4176 /* Resources */,
				3C02F10F21BD066703C329E7 /* [CP] Embed Pods Frameworks */,
				164C0CED8EEA957867655C2B /* [CP] Copy Pods Resources */,
			);
			buildRules = (
			);
			dependencies = (
			);
			name = nickstagram;
			productName = nickstagram;
			productReference = D532CA691E5D234D008B4176 /* nickstagram.app */;
			productType = "com.apple.product-type.application";
		};
/* End PBXNativeTarget section */

/* Begin PBXProject section */
		D532CA611E5D234D008B4176 /* Project object */ = {
			isa = PBXProject;
			attributes = {
				LastSwiftUpdateCheck = 0820;
				LastUpgradeCheck = 0820;
				ORGANIZATIONNAME = "Nick McDonald";
				TargetAttributes = {
					D532CA681E5D234D008B4176 = {
						CreatedOnToolsVersion = 8.2.1;
						DevelopmentTeam = 3QT27T2PJ3;
						ProvisioningStyle = Automatic;
					};
				};
			};
			buildConfigurationList = D532CA641E5D234D008B4176 /* Build configuration list for PBXProject "nickstagram" */;
			compatibilityVersion = "Xcode 3.2";
			developmentRegion = English;
			hasScannedForEncodings = 0;
			knownRegions = (
				en,
				Base,
			);
			mainGroup = D532CA601E5D234D008B4176;
			productRefGroup = D532CA6A1E5D234D008B4176 /* Products */;
			projectDirPath = "";
			projectRoot = "";
			targets = (
				D532CA681E5D234D008B4176 /* nickstagram */,
			);
		};
/* End PBXProject section */

/* Begin PBXResourcesBuildPhase section */
		D532CA671E5D234D008B4176 /* Resources */ = {
			isa = PBXResourcesBuildPhase;
			buildActionMask = 2147483647;
			files = (
				D532CA771E5D234E008B4176 /* LaunchScreen.storyboard in Resources */,
				D532CA741E5D234E008B4176 /* Assets.xcassets in Resources */,
				D532CA721E5D234E008B4176 /* Main.storyboard in Resources */,
			);
			runOnlyForDeploymentPostprocessing = 0;
		};
/* End PBXResourcesBuildPhase section */

/* Begin PBXShellScriptBuildPhase section */
		164C0CED8EEA957867655C2B /* [CP] Copy Pods Resources */ = {
			isa = PBXShellScriptBuildPhase;
			buildActionMask = 2147483647;
			files = (
			);
			inputPaths = (
			);
			name = "[CP] Copy Pods Resources";
			outputPaths = (
			);
			runOnlyForDeploymentPostprocessing = 0;
			shellPath = /bin/sh;
			shellScript = "\"${SRCROOT}/Pods/Target Support Files/Pods-nickstagram/Pods-nickstagram-resources.sh\"\n";
			showEnvVarsInLog = 0;
		};
		3C02F10F21BD066703C329E7 /* [CP] Embed Pods Frameworks */ = {
			isa = PBXShellScriptBuildPhase;
			buildActionMask = 2147483647;
			files = (
			);
			inputPaths = (
			);
			name = "[CP] Embed Pods Frameworks";
			outputPaths = (
			);
			runOnlyForDeploymentPostprocessing = 0;
			shellPath = /bin/sh;
			shellScript = "\"${SRCROOT}/Pods/Target Support Files/Pods-nickstagram/Pods-nickstagram-frameworks.sh\"\n";
			showEnvVarsInLog = 0;
		};
		BC58B69F3A9169BE3F7F7FA3 /* [CP] Check Pods Manifest.lock */ = {
			isa = PBXShellScriptBuildPhase;
			buildActionMask = 2147483647;
			files = (
			);
			inputPaths = (
			);
			name = "[CP] Check Pods Manifest.lock";
			outputPaths = (
			);
			runOnlyForDeploymentPostprocessing = 0;
			shellPath = /bin/sh;
			shellScript = "diff \"${PODS_ROOT}/../Podfile.lock\" \"${PODS_ROOT}/Manifest.lock\" > /dev/null\nif [ $? != 0 ] ; then\n    # print error to STDERR\n    echo \"error: The sandbox is not in sync with the Podfile.lock. Run 'pod install' or update your CocoaPods installation.\" >&2\n    exit 1\nfi\n";
			showEnvVarsInLog = 0;
		};
/* End PBXShellScriptBuildPhase section */

/* Begin PBXSourcesBuildPhase section */
		D532CA651E5D234D008B4176 /* Sources */ = {
			isa = PBXSourcesBuildPhase;
			buildActionMask = 2147483647;
			files = (
				D55D00C91E60E04800920741 /* ngmLoginButton.swift in Sources */,
				D55D00CD1E61013600920741 /* ngmUser.swift in Sources */,
				D55D00CF1E6106D700920741 /* ngmLoginTextField.swift in Sources */,
				D55D00D11E6107F000920741 /* ngmParseClient.swift in Sources */,
				D532CA6F1E5D234E008B4176 /* ngmLoginViewController.swift in Sources */,
				D532CA6D1E5D234E008B4176 /* ngmAppDelegate.swift in Sources */,
			);
			runOnlyForDeploymentPostprocessing = 0;
		};
/* End PBXSourcesBuildPhase section */

/* Begin PBXVariantGroup section */
		D532CA701E5D234E008B4176 /* Main.storyboard */ = {
			isa = PBXVariantGroup;
			children = (
				D532CA711E5D234E008B4176 /* Base */,
			);
			name = Main.storyboard;
			sourceTree = "<group>";
		};
		D532CA751E5D234E008B4176 /* LaunchScreen.storyboard */ = {
			isa = PBXVariantGroup;
			children = (
				D532CA761E5D234E008B4176 /* Base */,
			);
			name = LaunchScreen.storyboard;
			sourceTree = "<group>";
		};
/* End PBXVariantGroup section */

/* Begin XCBuildConfiguration section */
		D532CA791E5D234E008B4176 /* Debug */ = {
			isa = XCBuildConfiguration;
			buildSettings = {
				ALWAYS_SEARCH_USER_PATHS = NO;
				CLANG_ANALYZER_NONNULL = YES;
				CLANG_CXX_LANGUAGE_STANDARD = "gnu++0x";
				CLANG_CXX_LIBRARY = "libc++";
				CLANG_ENABLE_MODULES = YES;
				CLANG_ENABLE_OBJC_ARC = YES;
				CLANG_WARN_BOOL_CONVERSION = YES;
				CLANG_WARN_CONSTANT_CONVERSION = YES;
				CLANG_WARN_DIRECT_OBJC_ISA_USAGE = YES_ERROR;
				CLANG_WARN_DOCUMENTATION_COMMENTS = YES;
				CLANG_WARN_EMPTY_BODY = YES;
				CLANG_WARN_ENUM_CONVERSION = YES;
				CLANG_WARN_INFINITE_RECURSION = YES;
				CLANG_WARN_INT_CONVERSION = YES;
				CLANG_WARN_OBJC_ROOT_CLASS = YES_ERROR;
				CLANG_WARN_SUSPICIOUS_MOVE = YES;
				CLANG_WARN_UNREACHABLE_CODE = YES;
				CLANG_WARN__DUPLICATE_METHOD_MATCH = YES;
				"CODE_SIGN_IDENTITY[sdk=iphoneos*]" = "iPhone Developer";
				COPY_PHASE_STRIP = NO;
				DEBUG_INFORMATION_FORMAT = dwarf;
				ENABLE_STRICT_OBJC_MSGSEND = YES;
				ENABLE_TESTABILITY = YES;
				GCC_C_LANGUAGE_STANDARD = gnu99;
				GCC_DYNAMIC_NO_PIC = NO;
				GCC_NO_COMMON_BLOCKS = YES;
				GCC_OPTIMIZATION_LEVEL = 0;
				GCC_PREPROCESSOR_DEFINITIONS = (
					"DEBUG=1",
					"$(inherited)",
				);
				GCC_WARN_64_TO_32_BIT_CONVERSION = YES;
				GCC_WARN_ABOUT_RETURN_TYPE = YES_ERROR;
				GCC_WARN_UNDECLARED_SELECTOR = YES;
				GCC_WARN_UNINITIALIZED_AUTOS = YES_AGGRESSIVE;
				GCC_WARN_UNUSED_FUNCTION = YES;
				GCC_WARN_UNUSED_VARIABLE = YES;
				IPHONEOS_DEPLOYMENT_TARGET = 10.2;
				MTL_ENABLE_DEBUG_INFO = YES;
				ONLY_ACTIVE_ARCH = YES;
				SDKROOT = iphoneos;
				SWIFT_ACTIVE_COMPILATION_CONDITIONS = DEBUG;
				SWIFT_OPTIMIZATION_LEVEL = "-Onone";
			};
			name = Debug;
		};
		D532CA7A1E5D234E008B4176 /* Release */ = {
			isa = XCBuildConfiguration;
			buildSettings = {
				ALWAYS_SEARCH_USER_PATHS = NO;
				CLANG_ANALYZER_NONNULL = YES;
				CLANG_CXX_LANGUAGE_STANDARD = "gnu++0x";
				CLANG_CXX_LIBRARY = "libc++";
				CLANG_ENABLE_MODULES = YES;
				CLANG_ENABLE_OBJC_ARC = YES;
				CLANG_WARN_BOOL_CONVERSION = YES;
				CLANG_WARN_CONSTANT_CONVERSION = YES;
				CLANG_WARN_DIRECT_OBJC_ISA_USAGE = YES_ERROR;
				CLANG_WARN_DOCUMENTATION_COMMENTS = YES;
				CLANG_WARN_EMPTY_BODY = YES;
				CLANG_WARN_ENUM_CONVERSION = YES;
				CLANG_WARN_INFINITE_RECURSION = YES;
				CLANG_WARN_INT_CONVERSION = YES;
				CLANG_WARN_OBJC_ROOT_CLASS = YES_ERROR;
				CLANG_WARN_SUSPICIOUS_MOVE = YES;
				CLANG_WARN_UNREACHABLE_CODE = YES;
				CLANG_WARN__DUPLICATE_METHOD_MATCH = YES;
				"CODE_SIGN_IDENTITY[sdk=iphoneos*]" = "iPhone Developer";
				COPY_PHASE_STRIP = NO;
				DEBUG_INFORMATION_FORMAT = "dwarf-with-dsym";
				ENABLE_NS_ASSERTIONS = NO;
				ENABLE_STRICT_OBJC_MSGSEND = YES;
				GCC_C_LANGUAGE_STANDARD = gnu99;
				GCC_NO_COMMON_BLOCKS = YES;
				GCC_WARN_64_TO_32_BIT_CONVERSION = YES;
				GCC_WARN_ABOUT_RETURN_TYPE = YES_ERROR;
				GCC_WARN_UNDECLARED_SELECTOR = YES;
				GCC_WARN_UNINITIALIZED_AUTOS = YES_AGGRESSIVE;
				GCC_WARN_UNUSED_FUNCTION = YES;
				GCC_WARN_UNUSED_VARIABLE = YES;
				IPHONEOS_DEPLOYMENT_TARGET = 10.2;
				MTL_ENABLE_DEBUG_INFO = NO;
				SDKROOT = iphoneos;
				SWIFT_OPTIMIZATION_LEVEL = "-Owholemodule";
				VALIDATE_PRODUCT = YES;
			};
			name = Release;
		};
		D532CA7C1E5D234E008B4176 /* Debug */ = {
			isa = XCBuildConfiguration;
			baseConfigurationReference = 925826B45CFE9F922583250C /* Pods-nickstagram.debug.xcconfig */;
			buildSettings = {
				ASSETCATALOG_COMPILER_APPICON_NAME = AppIcon;
				DEVELOPMENT_TEAM = 3QT27T2PJ3;
				INFOPLIST_FILE = nickstagram/Info.plist;
				LD_RUNPATH_SEARCH_PATHS = "$(inherited) @executable_path/Frameworks";
				PRODUCT_BUNDLE_IDENTIFIER = com.nickdonald.nickstagram;
				PRODUCT_NAME = "$(TARGET_NAME)";
				SWIFT_VERSION = 3.0;
			};
			name = Debug;
		};
		D532CA7D1E5D234E008B4176 /* Release */ = {
			isa = XCBuildConfiguration;
			baseConfigurationReference = 7AA082CBFB9158AD54A23C0C /* Pods-nickstagram.release.xcconfig */;
			buildSettings = {
				ASSETCATALOG_COMPILER_APPICON_NAME = AppIcon;
				DEVELOPMENT_TEAM = 3QT27T2PJ3;
				INFOPLIST_FILE = nickstagram/Info.plist;
				LD_RUNPATH_SEARCH_PATHS = "$(inherited) @executable_path/Frameworks";
				PRODUCT_BUNDLE_IDENTIFIER = com.nickdonald.nickstagram;
				PRODUCT_NAME = "$(TARGET_NAME)";
				SWIFT_VERSION = 3.0;
			};
			name = Release;
		};
/* End XCBuildConfiguration section */

/* Begin XCConfigurationList section */
		D532CA641E5D234D008B4176 /* Build configuration list for PBXProject "nickstagram" */ = {
			isa = XCConfigurationList;
			buildConfigurations = (
				D532CA791E5D234E008B4176 /* Debug */,
				D532CA7A1E5D234E008B4176 /* Release */,
			);
			defaultConfigurationIsVisible = 0;
			defaultConfigurationName = Release;
		};
		D532CA7B1E5D234E008B4176 /* Build configuration list for PBXNativeTarget "nickstagram" */ = {
			isa = XCConfigurationList;
			buildConfigurations = (
				D532CA7C1E5D234E008B4176 /* Debug */,
				D532CA7D1E5D234E008B4176 /* Release */,
			);
			defaultConfigurationIsVisible = 0;
			defaultConfigurationName = Release;
		};
/* End XCConfigurationList section */
	};
	rootObject = D532CA611E5D234D008B4176 /* Project object */;
}
